
Microsoft Visual Studio Solution File, Format Version 12.00
# Visual Studio Version 17
VisualStudioVersion = 17.7.34202.233
MinimumVisualStudioVersion = 10.0.40219.1
Project("{FAE04EC0-301F-11D3-BF4B-00C04F79EFBC}") = "Examen", "Examen.csproj", "{864D3B05-F3B7-414A-A269-9237D84BC850}"
EndProject
Global
	GlobalSection(SolutionConfigurationPlatforms) = preSolution
		Debug|Any CPU = Debug|Any CPU
		Release|Any CPU = Release|Any CPU
	EndGlobalSection
	GlobalSection(ProjectConfigurationPlatforms) = postSolution
		{864D3B05-F3B7-414A-A269-9237D84BC850}.Debug|Any CPU.ActiveCfg = Debug|Any CPU
		{864D3B05-F3B7-414A-A269-9237D84BC850}.Debug|Any CPU.Build.0 = Debug|Any CPU
		{864D3B05-F3B7-414A-A269-9237D84BC850}.Release|Any CPU.ActiveCfg = Release|Any CPU
		{864D3B05-F3B7-414A-A269-9237D84BC850}.Release|Any CPU.Build.0 = Release|Any CPU
	EndGlobalSection
	GlobalSection(SolutionProperties) = preSolution
		HideSolutionNode = FALSE
	EndGlobalSection
	GlobalSection(ExtensibilityGlobals) = postSolution
		SolutionGuid = {0A6F2D70-F256-49F0-A7A0-2ACB7D2A1F27}
	EndGlobalSection
EndGlobal
